
Microsoft Visual Studio Solution File, Format Version 12.00
# Visual Studio 15
VisualStudioVersion = 15.0.27703.2018
MinimumVisualStudioVersion = 10.0.40219.1
Project("{FAE04EC0-301F-11D3-BF4B-00C04F79EFBC}") = "FullCameraApp.Android", "FullCameraApp.Android\FullCameraApp.Android.csproj", "{4D3CE547-6345-4F8A-9194-CCA02223FB94}"
EndProject
Project("{FAE04EC0-301F-11D3-BF4B-00C04F79EFBC}") = "FullCameraApp.iOS", "FullCameraApp.iOS\FullCameraApp.iOS.csproj", "{F8D8CB27-F38C-440A-ACDF-DCE47C8F7895}"
EndProject
Project("{FAE04EC0-301F-11D3-BF4B-00C04F79EFBC}") = "FullCameraApp", "FullCameraApp\FullCameraApp.csproj", "{D9E96544-D02C-4A76-ABB0-624A475995FE}"
EndProject
Global
	GlobalSection(SolutionConfigurationPlatforms) = preSolution
		Ad-Hoc|Any CPU = Ad-Hoc|Any CPU
		Ad-Hoc|iPhone = Ad-Hoc|iPhone
		Ad-Hoc|iPhoneSimulator = Ad-Hoc|iPhoneSimulator
		AppStore|Any CPU = AppStore|Any CPU
		AppStore|iPhone = AppStore|iPhone
		AppStore|iPhoneSimulator = AppStore|iPhoneSimulator
		Debug|Any CPU = Debug|Any CPU
		Debug|iPhone = Debug|iPhone
		Debug|iPhoneSimulator = Debug|iPhoneSimulator
		Release|Any CPU = Release|Any CPU
		Release|iPhone = Release|iPhone
		Release|iPhoneSimulator = Release|iPhoneSimulator
	EndGlobalSection
	GlobalSection(ProjectConfigurationPlatforms) = postSolution
		{4D3CE547-6345-4F8A-9194-CCA02223FB94}.Ad-Hoc|Any CPU.ActiveCfg = Release|Any CPU
		{4D3CE547-6345-4F8A-9194-CCA02223FB94}.Ad-Hoc|Any CPU.Build.0 = Release|Any CPU
		{4D3CE547-6345-4F8A-9194-CCA02223FB94}.Ad-Hoc|Any CPU.Deploy.0 = Release|Any CPU
		{4D3CE547-6345-4F8A-9194-CCA02223FB94}.Ad-Hoc|iPhone.ActiveCfg = Release|Any CPU
		{4D3CE547-6345-4F8A-9194-CCA02223FB94}.Ad-Hoc|iPhone.Build.0 = Release|Any CPU
		{4D3CE547-6345-4F8A-9194-CCA02223FB94}.Ad-Hoc|iPhone.Deploy.0 = Release|Any CPU
		{4D3CE547-6345-4F8A-9194-CCA02223FB94}.Ad-Hoc|iPhoneSimulator.ActiveCfg = Release|Any CPU
		{4D3CE547-6345-4F8A-9194-CCA02223FB94}.Ad-Hoc|iPhoneSimulator.Build.0 = Release|Any CPU
		{4D3CE547-6345-4F8A-9194-CCA02223FB94}.Ad-Hoc|iPhoneSimulator.Deploy.0 = Release|Any CPU
		{4D3CE547-6345-4F8A-9194-CCA02223FB94}.AppStore|Any CPU.ActiveCfg = Release|Any CPU
		{4D3CE547-6345-4F8A-9194-CCA02223FB94}.AppStore|Any CPU.Build.0 = Release|Any CPU
		{4D3CE547-6345-4F8A-9194-CCA02223FB94}.AppStore|Any CPU.Deploy.0 = Release|Any CPU
		{4D3CE547-6345-4F8A-9194-CCA02223FB94}.AppStore|iPhone.ActiveCfg = Release|Any CPU
		{4D3CE547-6345-4F8A-9194-CCA02223FB94}.AppStore|iPhone.Build.0 = Release|Any CPU
		{4D3CE547-6345-4F8A-9194-CCA02223FB94}.AppStore|iPhone.Deploy.0 = Release|Any CPU
		{4D3CE547-6345-4F8A-9194-CCA02223FB94}.AppStore|iPhoneSimulator.ActiveCfg = Release|Any CPU
		{4D3CE547-6345-4F8A-9194-CCA02223FB94}.AppStore|iPhoneSimulator.Build.0 = Release|Any CPU
		{4D3CE547-6345-4F8A-9194-CCA02223FB94}.AppStore|iPhoneSimulator.Deploy.0 = Release|Any CPU
		{4D3CE547-6345-4F8A-9194-CCA02223FB94}.Debug|Any CPU.ActiveCfg = Debug|Any CPU
		{4D3CE547-6345-4F8A-9194-CCA02223FB94}.Debug|Any CPU.Build.0 = Debug|Any CPU
		{4D3CE547-6345-4F8A-9194-CCA02223FB94}.Debug|Any CPU.Deploy.0 = Debug|Any CPU
		{4D3CE547-6345-4F8A-9194-CCA02223FB94}.Debug|iPhone.ActiveCfg = Debug|Any CPU
		{4D3CE547-6345-4F8A-9194-CCA02223FB94}.Debug|iPhone.Build.0 = Debug|Any CPU
		{4D3CE547-6345-4F8A-9194-CCA02223FB94}.Debug|iPhone.Deploy.0 = Debug|Any CPU
		{4D3CE547-6345-4F8A-9194-CCA02223FB94}.Debug|iPhoneSimulator.ActiveCfg = Debug|Any CPU
		{4D3CE547-6345-4F8A-9194-CCA02223FB94}.Debug|iPhoneSimulator.Build.0 = Debug|Any CPU
		{4D3CE547-6345-4F8A-9194-CCA02223FB94}.Debug|iPhoneSimulator.Deploy.0 = Debug|Any CPU
		{4D3CE547-6345-4F8A-9194-CCA02223FB94}.Release|Any CPU.ActiveCfg = Release|Any CPU
		{4D3CE547-6345-4F8A-9194-CCA02223FB94}.Release|Any CPU.Build.0 = Release|Any CPU
		{4D3CE547-6345-4F8A-9194-CCA02223FB94}.Release|Any CPU.Deploy.0 = Release|Any CPU
		{4D3CE547-6345-4F8A-9194-CCA02223FB94}.Release|iPhone.ActiveCfg = Release|Any CPU
		{4D3CE547-6345-4F8A-9194-CCA02223FB94}.Release|iPhone.Build.0 = Release|Any CPU
		{4D3CE547-6345-4F8A-9194-CCA02223FB94}.Release|iPhone.Deploy.0 = Release|Any CPU
		{4D3CE547-6345-4F8A-9194-CCA02223FB94}.Release|iPhoneSimulator.ActiveCfg = Release|Any CPU
		{4D3CE547-6345-4F8A-9194-CCA02223FB94}.Release|iPhoneSimulator.Build.0 = Release|Any CPU
		{4D3CE547-6345-4F8A-9194-CCA02223FB94}.Release|iPhoneSimulator.Deploy.0 = Release|Any CPU
		{F8D8CB27-F38C-440A-ACDF-DCE47C8F7895}.Ad-Hoc|Any CPU.ActiveCfg = Ad-Hoc|iPhone
		{F8D8CB27-F38C-440A-ACDF-DCE47C8F7895}.Ad-Hoc|Any CPU.Build.0 = Ad-Hoc|iPhone
		{F8D8CB27-F38C-440A-ACDF-DCE47C8F7895}.Ad-Hoc|Any CPU.Deploy.0 = Ad-Hoc|iPhone
		{F8D8CB27-F38C-440A-ACDF-DCE47C8F7895}.Ad-Hoc|iPhone.ActiveCfg = Ad-Hoc|iPhone
		{F8D8CB27-F38C-440A-ACDF-DCE47C8F7895}.Ad-Hoc|iPhone.Build.0 = Ad-Hoc|iPhone
		{F8D8CB27-F38C-440A-ACDF-DCE47C8F7895}.Ad-Hoc|iPhone.Deploy.0 = Ad-Hoc|iPhone
		{F8D8CB27-F38C-440A-ACDF-DCE47C8F7895}.Ad-Hoc|iPhoneSimulator.ActiveCfg = Ad-Hoc|iPhoneSimulator
		{F8D8CB27-F38C-440A-ACDF-DCE47C8F7895}.Ad-Hoc|iPhoneSimulator.Build.0 = Ad-Hoc|iPhoneSimulator
		{F8D8CB27-F38C-440A-ACDF-DCE47C8F7895}.Ad-Hoc|iPhoneSimulator.Deploy.0 = Ad-Hoc|iPhoneSimulator
		{F8D8CB27-F38C-440A-ACDF-DCE47C8F7895}.AppStore|Any CPU.ActiveCfg = AppStore|iPhone
		{F8D8CB27-F38C-440A-ACDF-DCE47C8F7895}.AppStore|Any CPU.Build.0 = AppStore|iPhone
		{F8D8CB27-F38C-440A-ACDF-DCE47C8F7895}.AppStore|Any CPU.Deploy.0 = AppStore|iPhone
		{F8D8CB27-F38C-440A-ACDF-DCE47C8F7895}.AppStore|iPhone.ActiveCfg = AppStore|iPhone
		{F8D8CB27-F38C-440A-ACDF-DCE47C8F7895}.AppStore|iPhone.Build.0 = AppStore|iPhone
		{F8D8CB27-F38C-440A-ACDF-DCE47C8F7895}.AppStore|iPhone.Deploy.0 = AppStore|iPhone
		{F8D8CB27-F38C-440A-ACDF-DCE47C8F7895}.AppStore|iPhoneSimulator.ActiveCfg = AppStore|iPhoneSimulator
		{F8D8CB27-F38C-440A-ACDF-DCE47C8F7895}.AppStore|iPhoneSimulator.Build.0 = AppStore|iPhoneSimulator
		{F8D8CB27-F38C-440A-ACDF-DCE47C8F7895}.AppStore|iPhoneSimulator.Deploy.0 = AppStore|iPhoneSimulator
		{F8D8CB27-F38C-440A-ACDF-DCE47C8F7895}.Debug|Any CPU.ActiveCfg = Debug|iPhoneSimulator
		{F8D8CB27-F38C-440A-ACDF-DCE47C8F7895}.Debug|Any CPU.Build.0 = Debug|iPhoneSimulator
		{F8D8CB27-F38C-440A-ACDF-DCE47C8F7895}.Debug|Any CPU.Deploy.0 = Debug|iPhoneSimulator
		{F8D8CB27-F38C-440A-ACDF-DCE47C8F7895}.Debug|iPhone.ActiveCfg = Debug|iPhone
		{F8D8CB27-F38C-440A-ACDF-DCE47C8F7895}.Debug|iPhone.Build.0 = Debug|iPhone
		{F8D8CB27-F38C-440A-ACDF-DCE47C8F7895}.Debug|iPhone.Deploy.0 = Debug|iPhone
		{F8D8CB27-F38C-440A-ACDF-DCE47C8F7895}.Debug|iPhoneSimulator.ActiveCfg = Debug|iPhoneSimulator
		{F8D8CB27-F38C-440A-ACDF-DCE47C8F7895}.Debug|iPhoneSimulator.Build.0 = Debug|iPhoneSimulator
		{F8D8CB27-F38C-440A-ACDF-DCE47C8F7895}.Debug|iPhoneSimulator.Deploy.0 = Debug|iPhoneSimulator
		{F8D8CB27-F38C-440A-ACDF-DCE47C8F7895}.Release|Any CPU.ActiveCfg = Release|iPhone
		{F8D8CB27-F38C-440A-ACDF-DCE47C8F7895}.Release|Any CPU.Build.0 = Release|iPhone
		{F8D8CB27-F38C-440A-ACDF-DCE47C8F7895}.Release|Any CPU.Deploy.0 = Release|iPhone
		{F8D8CB27-F38C-440A-ACDF-DCE47C8F7895}.Release|iPhone.ActiveCfg = Release|iPhone
		{F8D8CB27-F38C-440A-ACDF-DCE47C8F7895}.Release|iPhone.Build.0 = Release|iPhone
		{F8D8CB27-F38C-440A-ACDF-DCE47C8F7895}.Release|iPhone.Deploy.0 = Release|iPhone
		{F8D8CB27-F38C-440A-ACDF-DCE47C8F7895}.Release|iPhoneSimulator.ActiveCfg = Release|iPhoneSimulator
		{F8D8CB27-F38C-440A-ACDF-DCE47C8F7895}.Release|iPhoneSimulator.Build.0 = Release|iPhoneSimulator
		{F8D8CB27-F38C-440A-ACDF-DCE47C8F7895}.Release|iPhoneSimulator.Deploy.0 = Release|iPhoneSimulator
		{D9E96544-D02C-4A76-ABB0-624A475995FE}.Ad-Hoc|Any CPU.ActiveCfg = Debug|Any CPU
		{D9E96544-D02C-4A76-ABB0-624A475995FE}.Ad-Hoc|Any CPU.Build.0 = Debug|Any CPU
		{D9E96544-D02C-4A76-ABB0-624A475995FE}.Ad-Hoc|Any CPU.Deploy.0 = Debug|Any CPU
		{D9E96544-D02C-4A76-ABB0-624A475995FE}.Ad-Hoc|iPhone.ActiveCfg = Debug|Any CPU
		{D9E96544-D02C-4A76-ABB0-624A475995FE}.Ad-Hoc|iPhone.Build.0 = Debug|Any CPU
		{D9E96544-D02C-4A76-ABB0-624A475995FE}.Ad-Hoc|iPhone.Deploy.0 = Debug|Any CPU
		{D9E96544-D02C-4A76-ABB0-624A475995FE}.Ad-Hoc|iPhoneSimulator.ActiveCfg = Debug|Any CPU
		{D9E96544-D02C-4A76-ABB0-624A475995FE}.Ad-Hoc|iPhoneSimulator.Build.0 = Debug|Any CPU
		{D9E96544-D02C-4A76-ABB0-624A475995FE}.Ad-Hoc|iPhoneSimulator.Deploy.0 = Debug|Any CPU
		{D9E96544-D02C-4A76-ABB0-624A475995FE}.AppStore|Any CPU.ActiveCfg = Debug|Any CPU
		{D9E96544-D02C-4A76-ABB0-624A475995FE}.AppStore|Any CPU.Build.0 = Debug|Any CPU
		{D9E96544-D02C-4A76-ABB0-624A475995FE}.AppStore|Any CPU.Deploy.0 = Debug|Any CPU
		{D9E96544-D02C-4A76-ABB0-624A475995FE}.AppStore|iPhone.ActiveCfg = Debug|Any CPU
		{D9E96544-D02C-4A76-ABB0-624A475995FE}.AppStore|iPhone.Build.0 = Debug|Any CPU
		{D9E96544-D02C-4A76-ABB0-624A475995FE}.AppStore|iPhone.Deploy.0 = Debug|Any CPU
		{D9E96544-D02C-4A76-ABB0-624A475995FE}.AppStore|iPhoneSimulator.ActiveCfg = Debug|Any CPU
		{D9E96544-D02C-4A76-ABB0-624A475995FE}.AppStore|iPhoneSimulator.Build.0 = Debug|Any CPU
		{D9E96544-D02C-4A76-ABB0-624A475995FE}.AppStore|iPhoneSimulator.Deploy.0 = Debug|Any CPU
		{D9E96544-D02C-4A76-ABB0-624A475995FE}.Debug|Any CPU.ActiveCfg = Debug|Any CPU
		{D9E96544-D02C-4A76-ABB0-624A475995FE}.Debug|Any CPU.Build.0 = Debug|Any CPU
		{D9E96544-D02C-4A76-ABB0-624A475995FE}.Debug|Any CPU.Deploy.0 = Debug|Any CPU
		{D9E96544-D02C-4A76-ABB0-624A475995FE}.Debug|iPhone.ActiveCfg = Debug|Any CPU
		{D9E96544-D02C-4A76-ABB0-624A475995FE}.Debug|iPhone.Build.0 = Debug|Any CPU
		{D9E96544-D02C-4A76-ABB0-624A475995FE}.Debug|iPhone.Deploy.0 = Debug|Any CPU
		{D9E96544-D02C-4A76-ABB0-624A475995FE}.Debug|iPhoneSimulator.ActiveCfg = Debug|Any CPU
		{D9E96544-D02C-4A76-ABB0-624A475995FE}.Debug|iPhoneSimulator.Build.0 = Debug|Any CPU
		{D9E96544-D02C-4A76-ABB0-624A475995FE}.Debug|iPhoneSimulator.Deploy.0 = Debug|Any CPU
		{D9E96544-D02C-4A76-ABB0-624A475995FE}.Release|Any CPU.ActiveCfg = Release|Any CPU
		{D9E96544-D02C-4A76-ABB0-624A475995FE}.Release|Any CPU.Build.0 = Release|Any CPU
		{D9E96544-D02C-4A76-ABB0-624A475995FE}.Release|Any CPU.Deploy.0 = Release|Any CPU
		{D9E96544-D02C-4A76-ABB0-624A475995FE}.Release|iPhone.ActiveCfg = Release|Any CPU
		{D9E96544-D02C-4A76-ABB0-624A475995FE}.Release|iPhone.Build.0 = Release|Any CPU
		{D9E96544-D02C-4A76-ABB0-624A475995FE}.Release|iPhone.Deploy.0 = Release|Any CPU
		{D9E96544-D02C-4A76-ABB0-624A475995FE}.Release|iPhoneSimulator.ActiveCfg = Release|Any CPU
		{D9E96544-D02C-4A76-ABB0-624A475995FE}.Release|iPhoneSimulator.Build.0 = Release|Any CPU
		{D9E96544-D02C-4A76-ABB0-624A475995FE}.Release|iPhoneSimulator.Deploy.0 = Release|Any CPU
	EndGlobalSection
	GlobalSection(SolutionProperties) = preSolution
		HideSolutionNode = FALSE
	EndGlobalSection
	GlobalSection(ExtensibilityGlobals) = postSolution
		SolutionGuid = {C9FFE500-ABCA-4381-8493-139A2B1AF7E1}
	EndGlobalSection
EndGlobal
